
Microsoft Visual Studio Solution File, Format Version 12.00
# Visual Studio Version 16
VisualStudioVersion = 16.0.32901.82
MinimumVisualStudioVersion = 10.0.40219.1
Project("{FAE04EC0-301F-11D3-BF4B-00C04F79EFBC}") = "DesafioPooApp", "DesafioPooApp\DesafioPooApp.csproj", "{52146126-DC2C-4F33-9B4A-3ADCCBF1DF31}"
EndProject
Global
	GlobalSection(SolutionConfigurationPlatforms) = preSolution
		Debug|Any CPU = Debug|Any CPU
		Release|Any CPU = Release|Any CPU
	EndGlobalSection
	GlobalSection(ProjectConfigurationPlatforms) = postSolution
		{52146126-DC2C-4F33-9B4A-3ADCCBF1DF31}.Debug|Any CPU.ActiveCfg = Debug|Any CPU
		{52146126-DC2C-4F33-9B4A-3ADCCBF1DF31}.Debug|Any CPU.Build.0 = Debug|Any CPU
		{52146126-DC2C-4F33-9B4A-3ADCCBF1DF31}.Release|Any CPU.ActiveCfg = Release|Any CPU
		{52146126-DC2C-4F33-9B4A-3ADCCBF1DF31}.Release|Any CPU.Build.0 = Release|Any CPU
	EndGlobalSection
	GlobalSection(SolutionProperties) = preSolution
		HideSolutionNode = FALSE
	EndGlobalSection
	GlobalSection(ExtensibilityGlobals) = postSolution
		SolutionGuid = {88A0C591-ECD2-4ECF-BB52-7C02A8D3263C}
	EndGlobalSection
EndGlobal
